PODS:
  - Google-Mobile-Ads-SDK (7.8.1)
  - Kanna (1.0.6)
  - MagicalRecord (2.3.2):
    - MagicalRecord/Core (= 2.3.2)
  - MagicalRecord/Core (2.3.2)
  - Spring (1.0.3)

DEPENDENCIES:
  - Google-Mobile-Ads-SDK
  - Kanna (~> 1.0.0)
  - MagicalRecord
  - Spring (from `https://github.com/MengTo/Spring.git`, branch `swift2`)

EXTERNAL SOURCES:
  Spring:
    :branch: swift2
    :git: https://github.com/MengTo/Spring.git

CHECKOUT OPTIONS:
  Spring:
    :commit: 18d5c7b74489de8044e34767f856d1e574f0820e
    :git: https://github.com/MengTo/Spring.git

SPEC CHECKSUMS:
  Google-Mobile-Ads-SDK: 3c2a6656117989469bfe7645640aa1de024a4c6c
  Kanna: 9f30945bbd293a609f698ea164687ccc0990ff60
  MagicalRecord: 53bed74b4323b930992a725be713e53b37d19755
  Spring: 3f02b5dc3308572ef177b3cad0fa7bbc4b0706f7

PODFILE CHECKSUM: 7afdef33e4b4b840229bef587d8b729f91f363be

COCOAPODS: 1.0.0
