PODS:
  - Alamofire (4.5.1)
  - Firebase/AdMob (4.1.1):
    - Firebase/Core
    - Google-Mobile-Ads-SDK (= 7.23.0)
  - Firebase/Core (4.1.1):
    - FirebaseAnalytics (= 4.0.3)
    - FirebaseCore (= 4.0.6)
  - Firebase/Crash (4.1.1):
    - Firebase/Core
    - FirebaseCrash (= 2.0.1)
  - FirebaseAnalytics (4.0.3):
    - FirebaseCore (~> 4.0)
    - FirebaseInstanceID (~> 2.0)
    - GoogleToolboxForMac/NSData+zlib (~> 2.1)
    - nanopb (~> 0.3)
  - FirebaseCore (4.0.6):
    - GoogleToolboxForMac/NSData+zlib (~> 2.1)
    - nanopb (~> 0.3)
  - FirebaseCrash (2.0.1):
    - FirebaseAnalytics (~> 4.0)
    - FirebaseInstanceID (~> 2.0)
    - GoogleToolboxForMac/Logger (~> 2.1)
    - GoogleToolboxForMac/NSData+zlib (~> 2.1)
    - Protobuf (~> 3.1)
  - FirebaseInstanceID (2.0.2):
    - FirebaseCore (~> 4.0)
  - Google-Mobile-Ads-SDK (7.23.0)
  - GoogleToolboxForMac/Defines (2.1.1)
  - GoogleToolboxForMac/Logger (2.1.1):
    - GoogleToolboxForMac/Defines (= 2.1.1)
  - GoogleToolboxForMac/NSData+zlib (2.1.1):
    - GoogleToolboxForMac/Defines (= 2.1.1)
  - Kanna (2.0.0)
  - MagicalRecord (2.3.2):
    - MagicalRecord/Core (= 2.3.2)
  - MagicalRecord/Core (2.3.2)
  - nanopb (0.3.8):
    - nanopb/decode (= 0.3.8)
    - nanopb/encode (= 0.3.8)
  - nanopb/decode (0.3.8)
  - nanopb/encode (0.3.8)
  - Protobuf (3.4.0)
  - ReachabilitySwift (3)
  - Spring (1.0.3)
  - StaticDataTableViewController (2.0.5)

DEPENDENCIES:
  - Alamofire (~> 4.0)
  - Firebase/AdMob
  - Firebase/Core
  - Firebase/Crash
  - Kanna (~> 2.0.0)
  - MagicalRecord
  - ReachabilitySwift (~> 3)
  - Spring (from `https://github.com/MengTo/Spring.git`, branch `swift3`)
  - StaticDataTableViewController

EXTERNAL SOURCES:
  Spring:
    :branch: swift3
    :git: https://github.com/MengTo/Spring.git

CHECKOUT OPTIONS:
  Spring:
    :commit: 8201b5c93bd7ebdf4cd18160bcde1e6e88c2be64
    :git: https://github.com/MengTo/Spring.git

SPEC CHECKSUMS:
  Alamofire: 2d95912bf4c34f164fdfc335872e8c312acaea4a
  Firebase: 052c0de688fc87b414996eea13e223dd9fee3fa2
  FirebaseAnalytics: 76f754d37ca5b04f36856729b6af3ca0152d1069
  FirebaseCore: 28def3c643989c97ea5a69ea5000f5fa9902b9fd
  FirebaseCrash: bce9fbfb7dd6cc850a41fe39740a2292e6b61f2e
  FirebaseInstanceID: c4c7fca62c7b7330caee5da04f19a37ea37bb1c1
  Google-Mobile-Ads-SDK: a43dc8efdb566c74d00ac6934c781de969348d80
  GoogleToolboxForMac: 8e329f1b599f2512c6b10676d45736bcc2cbbeb0
  Kanna: 9a6637f72f5c77fe9c045b1efb2a5bb074754af8
  MagicalRecord: 53bed74b4323b930992a725be713e53b37d19755
  nanopb: 5601e6bca2dbf1ed831b519092ec110f66982ca3
  Protobuf: 03eef2ee0b674770735cf79d9c4d3659cf6908e8
  ReachabilitySwift: f5b9bb30a0777fac8f09ce8b067e32faeb29bb64
  Spring: 3f02b5dc3308572ef177b3cad0fa7bbc4b0706f7
  StaticDataTableViewController: 7ea8d7bc8c7f0a4e9255a320224462c7346c1d4a

PODFILE CHECKSUM: ca8b70ab2cb799073349a92a9d83362e05075031

COCOAPODS: 1.3.1
